hash: 327e3d223c618e7d7fbcba6a0fe029a492b461ead12923532ceac41d89f50d4d
updated: 2018-01-13T14:07:06.278950104-08:00
imports:
- name: github.com/clipperhouse/typewriter
  version: c1a48da378ebb7db1db9f35981b5cc24bf2e5b85
- name: github.com/davecgh/go-spew
  version: 04cdfd42973bb9c8589fd6a731800cf222fde1a9
  subpackages:
  - spew
- name: github.com/google/gofuzz
  version: 24818f796faf91cd76ec7bddd72458fbced7a6c1
- name: github.com/pkg/errors
  version: 645ef00459ed84a119197bfb8d8205042c6df63d
- name: github.com/tendermint/tmlibs
  version: 2bb538b150f197a04a0b969a27e9ea24d35edbc1
  subpackages:
  - common
- name: golang.org/x/crypto
  version: edd5e9b0879d13ee6970a50153d85b8fec9f7686
  subpackages:
  - ripemd160
testImports:
- name: github.com/pmezard/go-difflib
  version: d8ed2627bdf02c080bf22230dbb337003b7aba2d
  subpackages:
  - difflib
- name: github.com/stretchr/testify
  version: b91bfb9ebec76498946beb6af7c0230c7cc7ba6c
  subpackages:
  - assert
  - require
